
Microsoft Visual Studio Solution File, Format Version 12.00
# Visual Studio Version 17
VisualStudioVersion = 17.9.34701.34
MinimumVisualStudioVersion = 10.0.40219.1
Project("{FAE04EC0-301F-11D3-BF4B-00C04F79EFBC}") = "BasketTeamsBalancerBlazorMAUIApp", "BasketTeamsBalancerBlazorMAUIApp\BasketTeamsBalancerBlazorMAUIApp.csproj", "{7D92DAE7-17F3-4C94-8F77-14D7B0C72068}"
EndProject
Global
	GlobalSection(SolutionConfigurationPlatforms) = preSolution
		Debug|Any CPU = Debug|Any CPU
		Release|Any CPU = Release|Any CPU
	EndGlobalSection
	GlobalSection(ProjectConfigurationPlatforms) = postSolution
		{7D92DAE7-17F3-4C94-8F77-14D7B0C72068}.Debug|Any CPU.ActiveCfg = Debug|Any CPU
		{7D92DAE7-17F3-4C94-8F77-14D7B0C72068}.Debug|Any CPU.Build.0 = Debug|Any CPU
		{7D92DAE7-17F3-4C94-8F77-14D7B0C72068}.Debug|Any CPU.Deploy.0 = Debug|Any CPU
		{7D92DAE7-17F3-4C94-8F77-14D7B0C72068}.Release|Any CPU.ActiveCfg = Release|Any CPU
		{7D92DAE7-17F3-4C94-8F77-14D7B0C72068}.Release|Any CPU.Build.0 = Release|Any CPU
		{7D92DAE7-17F3-4C94-8F77-14D7B0C72068}.Release|Any CPU.Deploy.0 = Release|Any CPU
	EndGlobalSection
	GlobalSection(SolutionProperties) = preSolution
		HideSolutionNode = FALSE
	EndGlobalSection
	GlobalSection(ExtensibilityGlobals) = postSolution
		SolutionGuid = {B559FDA8-99C8-4230-BCF4-F84B06F4B524}
	EndGlobalSection
EndGlobal
